
Microsoft Visual Studio Solution File, Format Version 12.00
# Visual Studio Version 17
VisualStudioVersion = 17.6.33829.357
MinimumVisualStudioVersion = 10.0.40219.1
Project("{FAE04EC0-301F-11D3-BF4B-00C04F79EFBC}") = "Nahom's App", "Nahom's App\Nahom's App.csproj", "{0960983A-0DA7-4345-AAF9-E021FC85A4E8}"
EndProject
Global
	GlobalSection(SolutionConfigurationPlatforms) = preSolution
		Debug|Any CPU = Debug|Any CPU
		Release|Any CPU = Release|Any CPU
	EndGlobalSection
	GlobalSection(ProjectConfigurationPlatforms) = postSolution
		{0960983A-0DA7-4345-AAF9-E021FC85A4E8}.Debug|Any CPU.ActiveCfg = Debug|Any CPU
		{0960983A-0DA7-4345-AAF9-E021FC85A4E8}.Debug|Any CPU.Build.0 = Debug|Any CPU
		{0960983A-0DA7-4345-AAF9-E021FC85A4E8}.Release|Any CPU.ActiveCfg = Release|Any CPU
		{0960983A-0DA7-4345-AAF9-E021FC85A4E8}.Release|Any CPU.Build.0 = Release|Any CPU
	EndGlobalSection
	GlobalSection(SolutionProperties) = preSolution
		HideSolutionNode = FALSE
	EndGlobalSection
	GlobalSection(ExtensibilityGlobals) = postSolution
		SolutionGuid = {6EBBF747-3315-46DB-8BC0-AD3B5118FC45}
	EndGlobalSection
EndGlobal
